{
  "requires": true,
  "lockfileVersion": 1,
  "dependencies": {
    "core-js": {
      "version": "3.11.1",
      "resolved": "https://registry.npmjs.org/core-js/-/core-js-3.11.1.tgz",
      "integrity": "sha512-k93Isqg7e4txZWMGNYwevZL9MiogLk8pd1PtwrmFmi8IBq4GXqUaVW/a33Llt6amSI36uSjd0GWwc9pTT9ALlQ=="
    },
    "get-input-selection": {
      "version": "1.1.4",
      "resolved": "https://registry.npmjs.org/get-input-selection/-/get-input-selection-1.1.4.tgz",
      "integrity": "sha1-LGIrvZlPjX+Na/tg1jTMc+53WoE="
    },
    "js-tokens": {
      "version": "4.0.0",
      "resolved": "https://registry.npmjs.org/js-tokens/-/js-tokens-4.0.0.tgz",
      "integrity": "sha512-RdJUflcE3cUzKiMqQgsCu06FPu9UdIJO0beYbPhHN4k6apgJtifcoCtT9bcxOpYBtpD2kCM6Sbzg4CausW/PKQ=="
    },
    "loose-envify": {
      "version": "1.4.0",
      "resolved": "https://registry.npmjs.org/loose-envify/-/loose-envify-1.4.0.tgz",
      "integrity": "sha512-lyuxPGr/Wfhrlem2CL/UcnUc1zcqKAImBDzukY7Y5F/yQiNdko6+fRLevlw1HgMySw7f611UIY408EtxRSoK3Q==",
      "requires": {
        "js-tokens": "^3.0.0 || ^4.0.0"
      }
    },
    "object-assign": {
      "version": "4.1.1",
      "resolved": "https://registry.npmjs.org/object-assign/-/object-assign-4.1.1.tgz",
      "integrity": "sha1-IQmtx5ZYh8/AXLvUQsrIv7s2CGM="
    },
    "prop-types": {
      "version": "15.7.2",
      "resolved": "https://registry.npmjs.org/prop-types/-/prop-types-15.7.2.tgz",
      "integrity": "sha512-8QQikdH7//R2vurIJSutZ1smHYTcLpRWEOlHnzcWHmBYrOGUysKwSsrC89BCiFj3CbrfJ/nXFdJepOVrY1GCHQ==",
      "requires": {
        "loose-envify": "^1.4.0",
        "object-assign": "^4.1.1",
        "react-is": "^16.8.1"
      }
    },
    "react-autocomplete-input": {
      "version": "1.0.18",
      "resolved": "https://registry.npmjs.org/react-autocomplete-input/-/react-autocomplete-input-1.0.18.tgz",
      "integrity": "sha512-xqGFOzLDDK+p9+HJrLzEeM3lEVm8969v+Zaa9hJIh0SXGUrzAHXfmd6krxD4r60zN6xdB4SP5Y0w813dW55hmQ==",
      "requires": {
        "core-js": "3",
        "get-input-selection": "^1.1.4",
        "prop-types": "^15.7.2",
        "textarea-caret": "^3.0.2"
      }
    },
    "react-is": {
      "version": "16.13.1",
      "resolved": "https://registry.npmjs.org/react-is/-/react-is-16.13.1.tgz",
      "integrity": "sha512-24e6ynE2H+OKt4kqsOvNd8kBpV65zoxbA4BVsEOB3ARVWQki/DHzaUoC5KuON/BiccDaCCTZBuOcfZs70kR8bQ=="
    },
    "react-notifications-component": {
      "version": "3.1.0",
      "resolved": "https://registry.npmjs.org/react-notifications-component/-/react-notifications-component-3.1.0.tgz",
      "integrity": "sha512-qq+zgqVIa2zhlw+RvO2QSPk7xHLvZWTHl9VKRO56sMUef/UrcUTqOswL0DSJtRIpZYZhclquQUfDxD6H2w8aWA=="
    },
    "textarea-caret": {
      "version": "3.1.0",
      "resolved": "https://registry.npmjs.org/textarea-caret/-/textarea-caret-3.1.0.tgz",
      "integrity": "sha512-cXAvzO9pP5CGa6NKx0WYHl+8CHKZs8byMkt3PCJBCmq2a34YA9pO1NrQET5pzeqnBjBdToF5No4rrmkDUgQC2Q=="
    }
  }
}
